
Microsoft Visual Studio Solution File, Format Version 12.00
# Visual Studio 15
VisualStudioVersion = 15.0.26730.15
MinimumVisualStudioVersion = 10.0.40219.1
Project("{9A19103F-16F7-4668-BE54-9A1E7A4F7556}") = "DataAccess.Core", "DataAccess.Core\DataAccess.Core.csproj", "{3701D567-5938-40C9-84EC-B45B3982E1E1}"
EndProject
Project("{FAE04EC0-301F-11D3-BF4B-00C04F79EFBC}") = "DataAccess.Tests", "DataAccess.Tests\DataAccess.Tests.csproj", "{0FD06D1F-3E5A-4ED2-8F48-E47898CC9962}"
EndProject
Project("{9A19103F-16F7-4668-BE54-9A1E7A4F7556}") = "Utilities", "..\Utilities.Solution\Utilities\Utilities.csproj", "{A0032D0B-365D-46E7-8BD3-5B46450AFD88}"
EndProject
Global
	GlobalSection(SolutionConfigurationPlatforms) = preSolution
		Debug|Any CPU = Debug|Any CPU
		Release|Any CPU = Release|Any CPU
	EndGlobalSection
	GlobalSection(ProjectConfigurationPlatforms) = postSolution
		{3701D567-5938-40C9-84EC-B45B3982E1E1}.Debug|Any CPU.ActiveCfg = Debug|Any CPU
		{3701D567-5938-40C9-84EC-B45B3982E1E1}.Debug|Any CPU.Build.0 = Debug|Any CPU
		{3701D567-5938-40C9-84EC-B45B3982E1E1}.Release|Any CPU.ActiveCfg = Release|Any CPU
		{3701D567-5938-40C9-84EC-B45B3982E1E1}.Release|Any CPU.Build.0 = Release|Any CPU
		{0FD06D1F-3E5A-4ED2-8F48-E47898CC9962}.Debug|Any CPU.ActiveCfg = Debug|Any CPU
		{0FD06D1F-3E5A-4ED2-8F48-E47898CC9962}.Debug|Any CPU.Build.0 = Debug|Any CPU
		{0FD06D1F-3E5A-4ED2-8F48-E47898CC9962}.Release|Any CPU.ActiveCfg = Release|Any CPU
		{0FD06D1F-3E5A-4ED2-8F48-E47898CC9962}.Release|Any CPU.Build.0 = Release|Any CPU
		{A0032D0B-365D-46E7-8BD3-5B46450AFD88}.Debug|Any CPU.ActiveCfg = Debug|Any CPU
		{A0032D0B-365D-46E7-8BD3-5B46450AFD88}.Debug|Any CPU.Build.0 = Debug|Any CPU
		{A0032D0B-365D-46E7-8BD3-5B46450AFD88}.Release|Any CPU.ActiveCfg = Release|Any CPU
		{A0032D0B-365D-46E7-8BD3-5B46450AFD88}.Release|Any CPU.Build.0 = Release|Any CPU
	EndGlobalSection
	GlobalSection(SolutionProperties) = preSolution
		HideSolutionNode = FALSE
	EndGlobalSection
	GlobalSection(ExtensibilityGlobals) = postSolution
		SolutionGuid = {AD715F1A-4570-4FDC-BECF-2B31C1F2A551}
	EndGlobalSection
EndGlobal
